
Microsoft Visual Studio Solution File, Format Version 12.00
# Visual Studio Version 17
VisualStudioVersion = 17.8.34330.188
MinimumVisualStudioVersion = 10.0.40219.1
Project("{FAE04EC0-301F-11D3-BF4B-00C04F79EFBC}") = "VSERunOnSave", "VSERunOnSave\VSERunOnSave.csproj", "{973F3E7C-A08B-41CA-BC9E-E96CB7B3C6DA}"
EndProject
Global
	GlobalSection(SolutionConfigurationPlatforms) = preSolution
		Debug|Any CPU = Debug|Any CPU
		Debug|arm64 = Debug|arm64
		Debug|x64 = Debug|x64
		Release|Any CPU = Release|Any CPU
		Release|arm64 = Release|arm64
		Release|x64 = Release|x64
	EndGlobalSection
	GlobalSection(ProjectConfigurationPlatforms) = postSolution
		{973F3E7C-A08B-41CA-BC9E-E96CB7B3C6DA}.Debug|Any CPU.ActiveCfg = Debug|Any CPU
		{973F3E7C-A08B-41CA-BC9E-E96CB7B3C6DA}.Debug|Any CPU.Build.0 = Debug|Any CPU
		{973F3E7C-A08B-41CA-BC9E-E96CB7B3C6DA}.Debug|arm64.ActiveCfg = Release|arm64
		{973F3E7C-A08B-41CA-BC9E-E96CB7B3C6DA}.Debug|arm64.Build.0 = Release|arm64
		{973F3E7C-A08B-41CA-BC9E-E96CB7B3C6DA}.Debug|x64.ActiveCfg = Debug|x64
		{973F3E7C-A08B-41CA-BC9E-E96CB7B3C6DA}.Debug|x64.Build.0 = Debug|x64
		{973F3E7C-A08B-41CA-BC9E-E96CB7B3C6DA}.Release|Any CPU.ActiveCfg = Release|Any CPU
		{973F3E7C-A08B-41CA-BC9E-E96CB7B3C6DA}.Release|Any CPU.Build.0 = Release|Any CPU
		{973F3E7C-A08B-41CA-BC9E-E96CB7B3C6DA}.Release|arm64.ActiveCfg = Release|arm64
		{973F3E7C-A08B-41CA-BC9E-E96CB7B3C6DA}.Release|arm64.Build.0 = Release|arm64
		{973F3E7C-A08B-41CA-BC9E-E96CB7B3C6DA}.Release|x64.ActiveCfg = Release|x64
		{973F3E7C-A08B-41CA-BC9E-E96CB7B3C6DA}.Release|x64.Build.0 = Release|x64
	EndGlobalSection
	GlobalSection(SolutionProperties) = preSolution
		HideSolutionNode = FALSE
	EndGlobalSection
	GlobalSection(ExtensibilityGlobals) = postSolution
		SolutionGuid = {66E85725-3D0F-4DF2-9339-547EFFC32A9D}
	EndGlobalSection
EndGlobal
